
Microsoft Visual Studio Solution File, Format Version 12.00
# Visual Studio Version 17
VisualStudioVersion = 17.11.35312.102
MinimumVisualStudioVersion = 10.0.40219.1
Project("{FAE04EC0-301F-11D3-BF4B-00C04F79EFBC}") = "TequliasRestaurant", "TequliasRestaurant\TequliasRestaurant.csproj", "{F1AA04FF-2D99-44F7-8BBB-15FDCB9C659B}"
EndProject
Global
	GlobalSection(SolutionConfigurationPlatforms) = preSolution
		Debug|Any CPU = Debug|Any CPU
		Release|Any CPU = Release|Any CPU
	EndGlobalSection
	GlobalSection(ProjectConfigurationPlatforms) = postSolution
		{F1AA04FF-2D99-44F7-8BBB-15FDCB9C659B}.Debug|Any CPU.ActiveCfg = Debug|Any CPU
		{F1AA04FF-2D99-44F7-8BBB-15FDCB9C659B}.Debug|Any CPU.Build.0 = Debug|Any CPU
		{F1AA04FF-2D99-44F7-8BBB-15FDCB9C659B}.Release|Any CPU.ActiveCfg = Release|Any CPU
		{F1AA04FF-2D99-44F7-8BBB-15FDCB9C659B}.Release|Any CPU.Build.0 = Release|Any CPU
	EndGlobalSection
	GlobalSection(SolutionProperties) = preSolution
		HideSolutionNode = FALSE
	EndGlobalSection
	GlobalSection(ExtensibilityGlobals) = postSolution
		SolutionGuid = {D1CDEE3B-7326-4A8C-BA31-1FF9F4C68A36}
	EndGlobalSection
EndGlobal
